
Microsoft Visual Studio Solution File, Format Version 12.00
# Visual Studio Version 16
VisualStudioVersion = 16.0.31424.327
MinimumVisualStudioVersion = 10.0.40219.1
Project("{FAE04EC0-301F-11D3-BF4B-00C04F79EFBC}") = "Notepad", "Notepad\Notepad.csproj", "{4A6C929D-5F3D-4B59-B091-0812EE627F5D}"
EndProject
Global
	GlobalSection(SolutionConfigurationPlatforms) = preSolution
		Debug|Any CPU = Debug|Any CPU
		Release|Any CPU = Release|Any CPU
	EndGlobalSection
	GlobalSection(ProjectConfigurationPlatforms) = postSolution
		{4A6C929D-5F3D-4B59-B091-0812EE627F5D}.Debug|Any CPU.ActiveCfg = Debug|Any CPU
		{4A6C929D-5F3D-4B59-B091-0812EE627F5D}.Debug|Any CPU.Build.0 = Debug|Any CPU
		{4A6C929D-5F3D-4B59-B091-0812EE627F5D}.Release|Any CPU.ActiveCfg = Release|Any CPU
		{4A6C929D-5F3D-4B59-B091-0812EE627F5D}.Release|Any CPU.Build.0 = Release|Any CPU
	EndGlobalSection
	GlobalSection(SolutionProperties) = preSolution
		HideSolutionNode = FALSE
	EndGlobalSection
	GlobalSection(ExtensibilityGlobals) = postSolution
		SolutionGuid = {C4C106DA-0345-4AF8-A315-ECA2AAB2A2B2}
	EndGlobalSection
EndGlobal
